PODS:
  - DatePicker (1.3.1):
    - Extended
  - Extended (1.0.5)
  - PaddingLabel (1.2)
  - RAGTextField (0.14.0)
  - SDCAlertView (12.0.1)

DEPENDENCIES:
  - DatePicker (~> 1.3.0)
  - PaddingLabel (= 1.2)
  - RAGTextField
  - SDCAlertView

SPEC REPOS:
  trunk:
    - DatePicker
    - Extended
    - PaddingLabel
    - RAGTextField
    - SDCAlertView

SPEC CHECKSUMS:
  DatePicker: 05ddbd2b57d00ce6f44c1f0611ced32f948d33a6
  Extended: c463225e0c29b2823847866c1b106827772ac678
  PaddingLabel: 21ab5282c780366018b04c30e3920c2f55a2fd14
  RAGTextField: ebeab17ae88ce880a85601af33edc2879fa53813
  SDCAlertView: d6070733e6ce72360dde3f84a2f9eafcda25ed49

PODFILE CHECKSUM: 1160d771f39b8dccc2952abbfd54189402679c0f

COCOAPODS: 1.10.1
